
Microsoft Visual Studio Solution File, Format Version 12.00
# Visual Studio Version 17
VisualStudioVersion = 17.5.002.0
MinimumVisualStudioVersion = 10.0.40219.1
Project("{2150E333-8FDC-42A3-9474-1A3956D46DE8}") = "amplify", "amplify", "{18889244-8D7B-44CA-8C03-09B86AF12335}"
EndProject
Project("{2150E333-8FDC-42A3-9474-1A3956D46DE8}") = "#current-cloud-backend", "#current-cloud-backend", "{82EE86AB-BCD2-4F01-A130-1D98BBC39F70}"
EndProject
Project("{2150E333-8FDC-42A3-9474-1A3956D46DE8}") = "function", "function", "{F3D47464-14E4-445B-8FF3-52B2DFBB6EA5}"
EndProject
Project("{2150E333-8FDC-42A3-9474-1A3956D46DE8}") = "GigLoggerService", "GigLoggerService", "{3280B757-5DE5-41FD-95FC-9791E1A0EFBB}"
EndProject
Project("{9A19103F-16F7-4668-BE54-9A1E7A4F7556}") = "GigLoggerService", "amplify\#current-cloud-backend\function\GigLoggerService\src\GigLoggerService.csproj", "{5B063905-33B9-4E50-8291-DF93C0997E26}"
EndProject
Project("{2150E333-8FDC-42A3-9474-1A3956D46DE8}") = "backend", "backend", "{BA900BB4-97F7-480B-A6B1-B2E7392B2759}"
EndProject
Project("{2150E333-8FDC-42A3-9474-1A3956D46DE8}") = "function", "function", "{96D4C697-EC5D-4844-B02F-223313635543}"
EndProject
Project("{2150E333-8FDC-42A3-9474-1A3956D46DE8}") = "GigLoggerService", "GigLoggerService", "{6F280F44-75DB-4FAF-9734-54FE41883EAD}"
EndProject
Project("{9A19103F-16F7-4668-BE54-9A1E7A4F7556}") = "GigLoggerService", "amplify\backend\function\GigLoggerService\src\GigLoggerService.csproj", "{55A5A0C2-7A66-4E06-B4CF-C82D09075F9B}"
EndProject
Project("{2150E333-8FDC-42A3-9474-1A3956D46DE8}") = ".temp", ".temp", "{AE340F13-27BD-464B-9D8F-36BDAB88A46B}"
EndProject
Project("{2150E333-8FDC-42A3-9474-1A3956D46DE8}") = "#current-cloud-backend", "#current-cloud-backend", "{3A880490-8EFF-430A-8852-52E4AA714CA4}"
EndProject
Project("{2150E333-8FDC-42A3-9474-1A3956D46DE8}") = "function", "function", "{A20AA72F-B024-44AA-B973-FB1A17B64B39}"
EndProject
Project("{2150E333-8FDC-42A3-9474-1A3956D46DE8}") = "GigLoggerService", "GigLoggerService", "{47DF6490-C565-4973-B191-02C6062ED041}"
EndProject
Project("{9A19103F-16F7-4668-BE54-9A1E7A4F7556}") = "GigLoggerService", "amplify\.temp\#current-cloud-backend\function\GigLoggerService\src\GigLoggerService.csproj", "{93BF04C0-991E-4DBB-9481-E89BC731ECCE}"
EndProject
Global
	GlobalSection(SolutionConfigurationPlatforms) = preSolution
		Debug|Any CPU = Debug|Any CPU
		Release|Any CPU = Release|Any CPU
	EndGlobalSection
	GlobalSection(ProjectConfigurationPlatforms) = postSolution
		{5B063905-33B9-4E50-8291-DF93C0997E26}.Debug|Any CPU.ActiveCfg = Debug|Any CPU
		{5B063905-33B9-4E50-8291-DF93C0997E26}.Debug|Any CPU.Build.0 = Debug|Any CPU
		{5B063905-33B9-4E50-8291-DF93C0997E26}.Release|Any CPU.ActiveCfg = Release|Any CPU
		{5B063905-33B9-4E50-8291-DF93C0997E26}.Release|Any CPU.Build.0 = Release|Any CPU
		{55A5A0C2-7A66-4E06-B4CF-C82D09075F9B}.Debug|Any CPU.ActiveCfg = Debug|Any CPU
		{55A5A0C2-7A66-4E06-B4CF-C82D09075F9B}.Debug|Any CPU.Build.0 = Debug|Any CPU
		{55A5A0C2-7A66-4E06-B4CF-C82D09075F9B}.Release|Any CPU.ActiveCfg = Release|Any CPU
		{55A5A0C2-7A66-4E06-B4CF-C82D09075F9B}.Release|Any CPU.Build.0 = Release|Any CPU
		{93BF04C0-991E-4DBB-9481-E89BC731ECCE}.Debug|Any CPU.ActiveCfg = Debug|Any CPU
		{93BF04C0-991E-4DBB-9481-E89BC731ECCE}.Debug|Any CPU.Build.0 = Debug|Any CPU
		{93BF04C0-991E-4DBB-9481-E89BC731ECCE}.Release|Any CPU.ActiveCfg = Release|Any CPU
		{93BF04C0-991E-4DBB-9481-E89BC731ECCE}.Release|Any CPU.Build.0 = Release|Any CPU
	EndGlobalSection
	GlobalSection(SolutionProperties) = preSolution
		HideSolutionNode = FALSE
	EndGlobalSection
	GlobalSection(NestedProjects) = preSolution
		{82EE86AB-BCD2-4F01-A130-1D98BBC39F70} = {18889244-8D7B-44CA-8C03-09B86AF12335}
		{F3D47464-14E4-445B-8FF3-52B2DFBB6EA5} = {82EE86AB-BCD2-4F01-A130-1D98BBC39F70}
		{3280B757-5DE5-41FD-95FC-9791E1A0EFBB} = {F3D47464-14E4-445B-8FF3-52B2DFBB6EA5}
		{5B063905-33B9-4E50-8291-DF93C0997E26} = {3280B757-5DE5-41FD-95FC-9791E1A0EFBB}
		{BA900BB4-97F7-480B-A6B1-B2E7392B2759} = {18889244-8D7B-44CA-8C03-09B86AF12335}
		{96D4C697-EC5D-4844-B02F-223313635543} = {BA900BB4-97F7-480B-A6B1-B2E7392B2759}
		{6F280F44-75DB-4FAF-9734-54FE41883EAD} = {96D4C697-EC5D-4844-B02F-223313635543}
		{55A5A0C2-7A66-4E06-B4CF-C82D09075F9B} = {6F280F44-75DB-4FAF-9734-54FE41883EAD}
		{AE340F13-27BD-464B-9D8F-36BDAB88A46B} = {18889244-8D7B-44CA-8C03-09B86AF12335}
		{3A880490-8EFF-430A-8852-52E4AA714CA4} = {AE340F13-27BD-464B-9D8F-36BDAB88A46B}
		{A20AA72F-B024-44AA-B973-FB1A17B64B39} = {3A880490-8EFF-430A-8852-52E4AA714CA4}
		{47DF6490-C565-4973-B191-02C6062ED041} = {A20AA72F-B024-44AA-B973-FB1A17B64B39}
		{93BF04C0-991E-4DBB-9481-E89BC731ECCE} = {47DF6490-C565-4973-B191-02C6062ED041}
	EndGlobalSection
	GlobalSection(ExtensibilityGlobals) = postSolution
		SolutionGuid = {CC13A01F-2FDC-4A60-8D7E-A483EFF832D1}
	EndGlobalSection
EndGlobal
