
Microsoft Visual Studio Solution File, Format Version 12.00
# Visual Studio Version 17
VisualStudioVersion = 17.9.34723.18
MinimumVisualStudioVersion = 10.0.40219.1
Project("{FAE04EC0-301F-11D3-BF4B-00C04F79EFBC}") = "GigRaptorService", "GigRaptorService\src\GigRaptorService\GigRaptorService.csproj", "{DF52B253-704C-4688-BBD2-980783EDF692}"
EndProject
Global
	GlobalSection(SolutionConfigurationPlatforms) = preSolution
		Debug|Any CPU = Debug|Any CPU
		Release|Any CPU = Release|Any CPU
	EndGlobalSection
	GlobalSection(ProjectConfigurationPlatforms) = postSolution
		{DF52B253-704C-4688-BBD2-980783EDF692}.Debug|Any CPU.ActiveCfg = Debug|Any CPU
		{DF52B253-704C-4688-BBD2-980783EDF692}.Debug|Any CPU.Build.0 = Debug|Any CPU
		{DF52B253-704C-4688-BBD2-980783EDF692}.Release|Any CPU.ActiveCfg = Release|Any CPU
		{DF52B253-704C-4688-BBD2-980783EDF692}.Release|Any CPU.Build.0 = Release|Any CPU
	EndGlobalSection
	GlobalSection(SolutionProperties) = preSolution
		HideSolutionNode = FALSE
	EndGlobalSection
	GlobalSection(ExtensibilityGlobals) = postSolution
		SolutionGuid = {F48035C5-6EB5-4C45-AE3D-C017D7A67736}
	EndGlobalSection
EndGlobal
